
Microsoft Visual Studio Solution File, Format Version 12.00
Project("{FAE04EC0-301F-11D3-BF4B-00C04F79EFBC}") = "CsharpLinkingTest", "CsharpLinkingTest\CsharpLinkingTest.csproj", "{51D4BB20-74B7-450F-83F7-5D24FDF83BAE}"
EndProject
Project("{FAE04EC0-301F-11D3-BF4B-00C04F79EFBC}") = "CoreLib", "CoreLib\CoreLib.csproj", "{9DEBB900-9CF3-4A7D-B701-0ECC98D1D607}"
EndProject
Project("{FAE04EC0-301F-11D3-BF4B-00C04F79EFBC}") = "ChromaSDK", "ChromaSDK\ChromaSDK.csproj", "{D26F8340-A3F9-49A4-B3D6-47B4E776D73E}"
EndProject
Global
	GlobalSection(SolutionConfigurationPlatforms) = preSolution
		Debug|Any CPU = Debug|Any CPU
		Release|Any CPU = Release|Any CPU
		CoreLib|Any CPU = CoreLib|Any CPU
	EndGlobalSection
	GlobalSection(ProjectConfigurationPlatforms) = postSolution
		{51D4BB20-74B7-450F-83F7-5D24FDF83BAE}.Debug|Any CPU.ActiveCfg = Debug|Any CPU
		{51D4BB20-74B7-450F-83F7-5D24FDF83BAE}.Debug|Any CPU.Build.0 = Debug|Any CPU
		{51D4BB20-74B7-450F-83F7-5D24FDF83BAE}.Release|Any CPU.ActiveCfg = Release|Any CPU
		{51D4BB20-74B7-450F-83F7-5D24FDF83BAE}.Release|Any CPU.Build.0 = Release|Any CPU
		{51D4BB20-74B7-450F-83F7-5D24FDF83BAE}.CoreLib|Any CPU.ActiveCfg = CoreLib|Any CPU
		{9DEBB900-9CF3-4A7D-B701-0ECC98D1D607}.Debug|Any CPU.ActiveCfg = Debug|Any CPU
		{9DEBB900-9CF3-4A7D-B701-0ECC98D1D607}.Debug|Any CPU.Build.0 = Debug|Any CPU
		{9DEBB900-9CF3-4A7D-B701-0ECC98D1D607}.Release|Any CPU.ActiveCfg = Release|Any CPU
		{9DEBB900-9CF3-4A7D-B701-0ECC98D1D607}.Release|Any CPU.Build.0 = Release|Any CPU
		{9DEBB900-9CF3-4A7D-B701-0ECC98D1D607}.CoreLib|Any CPU.ActiveCfg = CoreLib|Any CPU
		{9DEBB900-9CF3-4A7D-B701-0ECC98D1D607}.CoreLib|Any CPU.Build.0 = CoreLib|Any CPU
		{D26F8340-A3F9-49A4-B3D6-47B4E776D73E}.Debug|Any CPU.ActiveCfg = Debug|Any CPU
		{D26F8340-A3F9-49A4-B3D6-47B4E776D73E}.Debug|Any CPU.Build.0 = Debug|Any CPU
		{D26F8340-A3F9-49A4-B3D6-47B4E776D73E}.Release|Any CPU.ActiveCfg = Release|Any CPU
		{D26F8340-A3F9-49A4-B3D6-47B4E776D73E}.Release|Any CPU.Build.0 = Release|Any CPU
		{D26F8340-A3F9-49A4-B3D6-47B4E776D73E}.CoreLib|Any CPU.ActiveCfg = CoreLib|Any CPU
	EndGlobalSection
EndGlobal
